
Microsoft Visual Studio Solution File, Format Version 12.00
# Visual Studio Version 17
VisualStudioVersion = 17.5.002.0
MinimumVisualStudioVersion = 10.0.40219.1
Project("{9A19103F-16F7-4668-BE54-9A1E7A4F7556}") = "UserService", "UserService.csproj", "{A9AB09B6-7825-455E-B815-8C1F4A772816}"
EndProject
Global
	GlobalSection(SolutionConfigurationPlatforms) = preSolution
		Debug|Any CPU = Debug|Any CPU
		Release|Any CPU = Release|Any CPU
	EndGlobalSection
	GlobalSection(ProjectConfigurationPlatforms) = postSolution
		{A9AB09B6-7825-455E-B815-8C1F4A772816}.Debug|Any CPU.ActiveCfg = Debug|Any CPU
		{A9AB09B6-7825-455E-B815-8C1F4A772816}.Debug|Any CPU.Build.0 = Debug|Any CPU
		{A9AB09B6-7825-455E-B815-8C1F4A772816}.Release|Any CPU.ActiveCfg = Release|Any CPU
		{A9AB09B6-7825-455E-B815-8C1F4A772816}.Release|Any CPU.Build.0 = Release|Any CPU
	EndGlobalSection
	GlobalSection(SolutionProperties) = preSolution
		HideSolutionNode = FALSE
	EndGlobalSection
	GlobalSection(ExtensibilityGlobals) = postSolution
		SolutionGuid = {55A7B823-96AF-4EDD-B92D-E7A22EAA0C39}
	EndGlobalSection
EndGlobal
